// !$*UTF8*$!
{
	archiveVersion = 1;
	classes = {
	};
	objectVersion = 56;
	objects = {

/* Begin PBXBuildFile section */
		47D6F6D92C0A4EB80055E07A /* AppDelegate.swift in Sources */ = {isa = PBXBuildFile; fileRef = 47D6F6D82C0A4EB80055E07A /* AppDelegate.swift */; };
		47D6F6DB2C0A4EB80055E07A /* SceneDelegate.swift in Sources */ = {isa = PBXBuildFile; fileRef = 47D6F6DA2C0A4EB80055E07A /* SceneDelegate.swift */; };
		47D6F6DD2C0A4EB80055E07A /* MainViewController.swift in Sources */ = {isa = PBXBuildFile; fileRef = 47D6F6DC2C0A4EB80055E07A /* MainViewController.swift */; };
		47D6F6E02C0A4EB80055E07A /* Base in Resources */ = {isa = PBXBuildFile; fileRef = 47D6F6DF2C0A4EB80055E07A /* Base */; };
		47D6F6E22C0A4EBA0055E07A /* Assets.xcassets in Resources */ = {isa = PBXBuildFile; fileRef = 47D6F6E12C0A4EBA0055E07A /* Assets.xcassets */; };
		47D6F6E52C0A4EBA0055E07A /* Base in Resources */ = {isa = PBXBuildFile; fileRef = 47D6F6E42C0A4EBA0055E07A /* Base */; };
		47D6F6EE2C0A509C0055E07A /* WordManager.swift in Sources */ = {isa = PBXBuildFile; fileRef = 47D6F6ED2C0A509C0055E07A /* WordManager.swift */; };
		47D6F6F12C0A50BA0055E07A /* WordRepository.swift in Sources */ = {isa = PBXBuildFile; fileRef = 47D6F6F02C0A50BA0055E07A /* WordRepository.swift */; };
		47D6F6F32C0A516F0055E07A /* Constants.swift in Sources */ = {isa = PBXBuildFile; fileRef = 47D6F6F22C0A516F0055E07A /* Constants.swift */; };
		47D6F6F72C0A540F0055E07A /* MainViewModel.swift in Sources */ = {isa = PBXBuildFile; fileRef = 47D6F6F62C0A540F0055E07A /* MainViewModel.swift */; };
		47D6F6FA2C0A59570055E07A /* WordCell.swift in Sources */ = {isa = PBXBuildFile; fileRef = 47D6F6F92C0A59570055E07A /* WordCell.swift */; };
		47D6F7062C0A5CA80055E07A /* Compass_TestTests.swift in Sources */ = {isa = PBXBuildFile; fileRef = 47D6F7052C0A5CA80055E07A /* Compass_TestTests.swift */; };
/* End PBXBuildFile section */

/* Begin PBXContainerItemProxy section */
		47D6F7072C0A5CA80055E07A /* PBXContainerItemProxy */ = {
			isa = PBXContainerItemProxy;
			containerPortal = 47D6F6CD2C0A4EB80055E07A /* Project object */;
			proxyType = 1;
			remoteGlobalIDString = 47D6F6D42C0A4EB80055E07A;
			remoteInfo = "Compass Test";
		};
/* End PBXContainerItemProxy section */

/* Begin PBXFileReference section */
		47D6F6D52C0A4EB80055E07A /* Compass Test.app */ = {isa = PBXFileReference; explicitFileType = wrapper.application; includeInIndex = 0; path = "Compass Test.app"; sourceTree = BUILT_PRODUCTS_DIR; };
		47D6F6D82C0A4EB80055E07A /* AppDelegate.swift */ = {isa = PBXFileReference; lastKnownFileType = sourcecode.swift; path = AppDelegate.swift; sourceTree = "<group>"; };
		47D6F6DA2C0A4EB80055E07A /* SceneDelegate.swift */ = {isa = PBXFileReference; lastKnownFileType = sourcecode.swift; path = SceneDelegate.swift; sourceTree = "<group>"; };
		47D6F6DC2C0A4EB80055E07A /* MainViewController.swift */ = {isa = PBXFileReference; lastKnownFileType = sourcecode.swift; path = MainViewController.swift; sourceTree = "<group>"; };
		47D6F6DF2C0A4EB80055E07A /* Base */ = {isa = PBXFileReference; lastKnownFileType = file.storyboard; name = Base; path = Base.lproj/Main.storyboard; sourceTree = "<group>"; };
		47D6F6E12C0A4EBA0055E07A /* Assets.xcassets */ = {isa = PBXFileReference; lastKnownFileType = folder.assetcatalog; path = Assets.xcassets; sourceTree = "<group>"; };
		47D6F6E42C0A4EBA0055E07A /* Base */ = {isa = PBXFileReference; lastKnownFileType = file.storyboard; name = Base; path = Base.lproj/LaunchScreen.storyboard; sourceTree = "<group>"; };
		47D6F6E62C0A4EBA0055E07A /* Info.plist */ = {isa = PBXFileReference; lastKnownFileType = text.plist.xml; path = Info.plist; sourceTree = "<group>"; };
		47D6F6ED2C0A509C0055E07A /* WordManager.swift */ = {isa = PBXFileReference; lastKnownFileType = sourcecode.swift; path = WordManager.swift; sourceTree = "<group>"; };
		47D6F6F02C0A50BA0055E07A /* WordRepository.swift */ = {isa = PBXFileReference; lastKnownFileType = sourcecode.swift; path = WordRepository.swift; sourceTree = "<group>"; };
		47D6F6F22C0A516F0055E07A /* Constants.swift */ = {isa = PBXFileReference; lastKnownFileType = sourcecode.swift; path = Constants.swift; sourceTree = "<group>"; };
		47D6F6F62C0A540F0055E07A /* MainViewModel.swift */ = {isa = PBXFileReference; lastKnownFileType = sourcecode.swift; path = MainViewModel.swift; sourceTree = "<group>"; };
		47D6F6F92C0A59570055E07A /* WordCell.swift */ = {isa = PBXFileReference; lastKnownFileType = sourcecode.swift; path = WordCell.swift; sourceTree = "<group>"; };
		47D6F7032C0A5CA80055E07A /* Compass TestTests.xctest */ = {isa = PBXFileReference; explicitFileType = wrapper.cfbundle; includeInIndex = 0; path = "Compass TestTests.xctest"; sourceTree = BUILT_PRODUCTS_DIR; };
		47D6F7052C0A5CA80055E07A /* Compass_TestTests.swift */ = {isa = PBXFileReference; lastKnownFileType = sourcecode.swift; path = Compass_TestTests.swift; sourceTree = "<group>"; };
/* End PBXFileReference section */

/* Begin PBXFrameworksBuildPhase section */
		47D6F6D22C0A4EB80055E07A /* Frameworks */ = {
			isa = PBXFrameworksBuildPhase;
			buildActionMask = 2147483647;
			files = (
			);
			runOnlyForDeploymentPostprocessing = 0;
		};
		47D6F7002C0A5CA80055E07A /* Frameworks */ = {
			isa = PBXFrameworksBuildPhase;
			buildActionMask = 2147483647;
			files = (
			);
			runOnlyForDeploymentPostprocessing = 0;
		};
/* End PBXFrameworksBuildPhase section */

/* Begin PBXGroup section */
		47D6F6CC2C0A4EB80055E07A = {
			isa = PBXGroup;
			children = (
				47D6F6D72C0A4EB80055E07A /* Compass Test */,
				47D6F7042C0A5CA80055E07A /* Compass TestTests */,
				47D6F6D62C0A4EB80055E07A /* Products */,
			);
			sourceTree = "<group>";
		};
		47D6F6D62C0A4EB80055E07A /* Products */ = {
			isa = PBXGroup;
			children = (
				47D6F6D52C0A4EB80055E07A /* Compass Test.app */,
				47D6F7032C0A5CA80055E07A /* Compass TestTests.xctest */,
			);
			name = Products;
			sourceTree = "<group>";
		};
		47D6F6D72C0A4EB80055E07A /* Compass Test */ = {
			isa = PBXGroup;
			children = (
				47D6F6F22C0A516F0055E07A /* Constants.swift */,
				47D6F6F42C0A53F20055E07A /* ViewControllers */,
				47D6F6EF2C0A50AD0055E07A /* Repository */,
				47D6F6EC2C0A508D0055E07A /* Managers */,
				47D6F6D82C0A4EB80055E07A /* AppDelegate.swift */,
				47D6F6DA2C0A4EB80055E07A /* SceneDelegate.swift */,
				47D6F6DE2C0A4EB80055E07A /* Main.storyboard */,
				47D6F6E12C0A4EBA0055E07A /* Assets.xcassets */,
				47D6F6E32C0A4EBA0055E07A /* LaunchScreen.storyboard */,
				47D6F6E62C0A4EBA0055E07A /* Info.plist */,
			);
			path = "Compass Test";
			sourceTree = "<group>";
		};
		47D6F6EC2C0A508D0055E07A /* Managers */ = {
			isa = PBXGroup;
			children = (
				47D6F6ED2C0A509C0055E07A /* WordManager.swift */,
			);
			path = Managers;
			sourceTree = "<group>";
		};
		47D6F6EF2C0A50AD0055E07A /* Repository */ = {
			isa = PBXGroup;
			children = (
				47D6F6F02C0A50BA0055E07A /* WordRepository.swift */,
			);
			path = Repository;
			sourceTree = "<group>";
		};
		47D6F6F42C0A53F20055E07A /* ViewControllers */ = {
			isa = PBXGroup;
			children = (
				47D6F6F52C0A53FD0055E07A /* Main */,
			);
			path = ViewControllers;
			sourceTree = "<group>";
		};
		47D6F6F52C0A53FD0055E07A /* Main */ = {
			isa = PBXGroup;
			children = (
				47D6F6F82C0A594B0055E07A /* Cell */,
				47D6F6DC2C0A4EB80055E07A /* MainViewController.swift */,
				47D6F6F62C0A540F0055E07A /* MainViewModel.swift */,
			);
			path = Main;
			sourceTree = "<group>";
		};
		47D6F6F82C0A594B0055E07A /* Cell */ = {
			isa = PBXGroup;
			children = (
				47D6F6F92C0A59570055E07A /* WordCell.swift */,
			);
			path = Cell;
			sourceTree = "<group>";
		};
		47D6F7042C0A5CA80055E07A /* Compass TestTests */ = {
			isa = PBXGroup;
			children = (
				47D6F7052C0A5CA80055E07A /* Compass_TestTests.swift */,
			);
			path = "Compass TestTests";
			sourceTree = "<group>";
		};
/* End PBXGroup section */

/* Begin PBXNativeTarget section */
		47D6F6D42C0A4EB80055E07A /* Compass Test */ = {
			isa = PBXNativeTarget;
			buildConfigurationList = 47D6F6E92C0A4EBA0055E07A /* Build configuration list for PBXNativeTarget "Compass Test" */;
			buildPhases = (
				47D6F6D12C0A4EB80055E07A /* Sources */,
				47D6F6D22C0A4EB80055E07A /* Frameworks */,
				47D6F6D32C0A4EB80055E07A /* Resources */,
			);
			buildRules = (
			);
			dependencies = (
			);
			name = "Compass Test";
			productName = "Compass Test";
			productReference = 47D6F6D52C0A4EB80055E07A /* Compass Test.app */;
			productType = "com.apple.product-type.application";
		};
		47D6F7022C0A5CA80055E07A /* Compass TestTests */ = {
			isa = PBXNativeTarget;
			buildConfigurationList = 47D6F7092C0A5CA80055E07A /* Build configuration list for PBXNativeTarget "Compass TestTests" */;
			buildPhases = (
				47D6F6FF2C0A5CA80055E07A /* Sources */,
				47D6F7002C0A5CA80055E07A /* Frameworks */,
				47D6F7012C0A5CA80055E07A /* Resources */,
			);
			buildRules = (
			);
			dependencies = (
				47D6F7082C0A5CA80055E07A /* PBXTargetDependency */,
			);
			name = "Compass TestTests";
			productName = "Compass TestTests";
			productReference = 47D6F7032C0A5CA80055E07A /* Compass TestTests.xctest */;
			productType = "com.apple.product-type.bundle.unit-test";
		};
/* End PBXNativeTarget section */

/* Begin PBXProject section */
		47D6F6CD2C0A4EB80055E07A /* Project object */ = {
			isa = PBXProject;
			attributes = {
				BuildIndependentTargetsInParallel = 1;
				LastSwiftUpdateCheck = 1540;
				LastUpgradeCheck = 1540;
				TargetAttributes = {
					47D6F6D42C0A4EB80055E07A = {
						CreatedOnToolsVersion = 15.4;
					};
					47D6F7022C0A5CA80055E07A = {
						CreatedOnToolsVersion = 15.4;
						TestTargetID = 47D6F6D42C0A4EB80055E07A;
					};
				};
			};
			buildConfigurationList = 47D6F6D02C0A4EB80055E07A /* Build configuration list for PBXProject "Compass Test" */;
			compatibilityVersion = "Xcode 14.0";
			developmentRegion = en;
			hasScannedForEncodings = 0;
			knownRegions = (
				en,
				Base,
			);
			mainGroup = 47D6F6CC2C0A4EB80055E07A;
			productRefGroup = 47D6F6D62C0A4EB80055E07A /* Products */;
			projectDirPath = "";
			projectRoot = "";
			targets = (
				47D6F6D42C0A4EB80055E07A /* Compass Test */,
				47D6F7022C0A5CA80055E07A /* Compass TestTests */,
			);
		};
/* End PBXProject section */

/* Begin PBXResourcesBuildPhase section */
		47D6F6D32C0A4EB80055E07A /* Resources */ = {
			isa = PBXResourcesBuildPhase;
			buildActionMask = 2147483647;
			files = (
				47D6F6E22C0A4EBA0055E07A /* Assets.xcassets in Resources */,
				47D6F6E52C0A4EBA0055E07A /* Base in Resources */,
				47D6F6E02C0A4EB80055E07A /* Base in Resources */,
			);
			runOnlyForDeploymentPostprocessing = 0;
		};
		47D6F7012C0A5CA80055E07A /* Resources */ = {
			isa = PBXResourcesBuildPhase;
			buildActionMask = 2147483647;
			files = (
			);
			runOnlyForDeploymentPostprocessing = 0;
		};
/* End PBXResourcesBuildPhase section */

/* Begin PBXSourcesBuildPhase section */
		47D6F6D12C0A4EB80055E07A /* Sources */ = {
			isa = PBXSourcesBuildPhase;
			buildActionMask = 2147483647;
			files = (
				47D6F6F72C0A540F0055E07A /* MainViewModel.swift in Sources */,
				47D6F6DD2C0A4EB80055E07A /* MainViewController.swift in Sources */,
				47D6F6D92C0A4EB80055E07A /* AppDelegate.swift in Sources */,
				47D6F6F12C0A50BA0055E07A /* WordRepository.swift in Sources */,
				47D6F6DB2C0A4EB80055E07A /* SceneDelegate.swift in Sources */,
				47D6F6FA2C0A59570055E07A /* WordCell.swift in Sources */,
				47D6F6EE2C0A509C0055E07A /* WordManager.swift in Sources */,
				47D6F6F32C0A516F0055E07A /* Constants.swift in Sources */,
			);
			runOnlyForDeploymentPostprocessing = 0;
		};
		47D6F6FF2C0A5CA80055E07A /* Sources */ = {
			isa = PBXSourcesBuildPhase;
			buildActionMask = 2147483647;
			files = (
				47D6F7062C0A5CA80055E07A /* Compass_TestTests.swift in Sources */,
			);
			runOnlyForDeploymentPostprocessing = 0;
		};
/* End PBXSourcesBuildPhase section */

/* Begin PBXTargetDependency section */
		47D6F7082C0A5CA80055E07A /* PBXTargetDependency */ = {
			isa = PBXTargetDependency;
			target = 47D6F6D42C0A4EB80055E07A /* Compass Test */;
			targetProxy = 47D6F7072C0A5CA80055E07A /* PBXContainerItemProxy */;
		};
/* End PBXTargetDependency section */

/* Begin PBXVariantGroup section */
		47D6F6DE2C0A4EB80055E07A /* Main.storyboard */ = {
			isa = PBXVariantGroup;
			children = (
				47D6F6DF2C0A4EB80055E07A /* Base */,
			);
			name = Main.storyboard;
			sourceTree = "<group>";
		};
		47D6F6E32C0A4EBA0055E07A /* LaunchScreen.storyboard */ = {
			isa = PBXVariantGroup;
			children = (
				47D6F6E42C0A4EBA0055E07A /* Base */,
			);
			name = LaunchScreen.storyboard;
			sourceTree = "<group>";
		};
/* End PBXVariantGroup section */

/* Begin XCBuildConfiguration section */
		47D6F6E72C0A4EBA0055E07A /* Debug */ = {
			isa = XCBuildConfiguration;
			buildSettings = {
				ALWAYS_SEARCH_USER_PATHS = NO;
				ASSETCATALOG_COMPILER_GENERATE_SWIFT_ASSET_SYMBOL_EXTENSIONS = YES;
				CLANG_ANALYZER_NONNULL = YES;
				CLANG_ANALYZER_NUMBER_OBJECT_CONVERSION = YES_AGGRESSIVE;
				CLANG_CXX_LANGUAGE_STANDARD = "gnu++20";
				CLANG_ENABLE_MODULES = YES;
				CLANG_ENABLE_OBJC_ARC = YES;
				CLANG_ENABLE_OBJC_WEAK = YES;
				CLANG_WARN_BLOCK_CAPTURE_AUTORELEASING = YES;
				CLANG_WARN_BOOL_CONVERSION = YES;
				CLANG_WARN_COMMA = YES;
				CLANG_WARN_CONSTANT_CONVERSION = YES;
				CLANG_WARN_DEPRECATED_OBJC_IMPLEMENTATIONS = YES;
				CLANG_WARN_DIRECT_OBJC_ISA_USAGE = YES_ERROR;
				CLANG_WARN_DOCUMENTATION_COMMENTS = YES;
				CLANG_WARN_EMPTY_BODY = YES;
				CLANG_WARN_ENUM_CONVERSION = YES;
				CLANG_WARN_INFINITE_RECURSION = YES;
				CLANG_WARN_INT_CONVERSION = YES;
				CLANG_WARN_NON_LITERAL_NULL_CONVERSION = YES;
				CLANG_WARN_OBJC_IMPLICIT_RETAIN_SELF = YES;
				CLANG_WARN_OBJC_LITERAL_CONVERSION = YES;
				CLANG_WARN_OBJC_ROOT_CLASS = YES_ERROR;
				CLANG_WARN_QUOTED_INCLUDE_IN_FRAMEWORK_HEADER = YES;
				CLANG_WARN_RANGE_LOOP_ANALYSIS = YES;
				CLANG_WARN_STRICT_PROTOTYPES = YES;
				CLANG_WARN_SUSPICIOUS_MOVE = YES;
				CLANG_WARN_UNGUARDED_AVAILABILITY = YES_AGGRESSIVE;
				CLANG_WARN_UNREACHABLE_CODE = YES;
				CLANG_WARN__DUPLICATE_METHOD_MATCH = YES;
				COPY_PHASE_STRIP = NO;
				DEBUG_INFORMATION_FORMAT = dwarf;
				ENABLE_STRICT_OBJC_MSGSEND = YES;
				ENABLE_TESTABILITY = YES;
				ENABLE_USER_SCRIPT_SANDBOXING = YES;
				GCC_C_LANGUAGE_STANDARD = gnu17;
				GCC_DYNAMIC_NO_PIC = NO;
				GCC_NO_COMMON_BLOCKS = YES;
				GCC_OPTIMIZATION_LEVEL = 0;
				GCC_PREPROCESSOR_DEFINITIONS = (
					"DEBUG=1",
					"$(inherited)",
				);
				GCC_WARN_64_TO_32_BIT_CONVERSION = YES;
				GCC_WARN_ABOUT_RETURN_TYPE = YES_ERROR;
				GCC_WARN_UNDECLARED_SELECTOR = YES;
				GCC_WARN_UNINITIALIZED_AUTOS = YES_AGGRESSIVE;
				GCC_WARN_UNUSED_FUNCTION = YES;
				GCC_WARN_UNUSED_VARIABLE = YES;
				IPHONEOS_DEPLOYMENT_TARGET = 17.5;
				LOCALIZATION_PREFERS_STRING_CATALOGS = YES;
				MTL_ENABLE_DEBUG_INFO = INCLUDE_SOURCE;
				MTL_FAST_MATH = YES;
				ONLY_ACTIVE_ARCH = YES;
				SDKROOT = iphoneos;
				SWIFT_ACTIVE_COMPILATION_CONDITIONS = "DEBUG $(inherited)";
				SWIFT_OPTIMIZATION_LEVEL = "-Onone";
			};
			name = Debug;
		};
		47D6F6E82C0A4EBA0055E07A /* Release */ = {
			isa = XCBuildConfiguration;
			buildSettings = {
				ALWAYS_SEARCH_USER_PATHS = NO;
				ASSETCATALOG_COMPILER_GENERATE_SWIFT_ASSET_SYMBOL_EXTENSIONS = YES;
				CLANG_ANALYZER_NONNULL = YES;
				CLANG_ANALYZER_NUMBER_OBJECT_CONVERSION = YES_AGGRESSIVE;
				CLANG_CXX_LANGUAGE_STANDARD = "gnu++20";
				CLANG_ENABLE_MODULES = YES;
				CLANG_ENABLE_OBJC_ARC = YES;
				CLANG_ENABLE_OBJC_WEAK = YES;
				CLANG_WARN_BLOCK_CAPTURE_AUTORELEASING = YES;
				CLANG_WARN_BOOL_CONVERSION = YES;
				CLANG_WARN_COMMA = YES;
				CLANG_WARN_CONSTANT_CONVERSION = YES;
				CLANG_WARN_DEPRECATED_OBJC_IMPLEMENTATIONS = YES;
				CLANG_WARN_DIRECT_OBJC_ISA_USAGE = YES_ERROR;
				CLANG_WARN_DOCUMENTATION_COMMENTS = YES;
				CLANG_WARN_EMPTY_BODY = YES;
				CLANG_WARN_ENUM_CONVERSION = YES;
				CLANG_WARN_INFINITE_RECURSION = YES;
				CLANG_WARN_INT_CONVERSION = YES;
				CLANG_WARN_NON_LITERAL_NULL_CONVERSION = YES;
				CLANG_WARN_OBJC_IMPLICIT_RETAIN_SELF = YES;
				CLANG_WARN_OBJC_LITERAL_CONVERSION = YES;
				CLANG_WARN_OBJC_ROOT_CLASS = YES_ERROR;
				CLANG_WARN_QUOTED_INCLUDE_IN_FRAMEWORK_HEADER = YES;
				CLANG_WARN_RANGE_LOOP_ANALYSIS = YES;
				CLANG_WARN_STRICT_PROTOTYPES = YES;
				CLANG_WARN_SUSPICIOUS_MOVE = YES;
				CLANG_WARN_UNGUARDED_AVAILABILITY = YES_AGGRESSIVE;
				CLANG_WARN_UNREACHABLE_CODE = YES;
				CLANG_WARN__DUPLICATE_METHOD_MATCH = YES;
				COPY_PHASE_STRIP = NO;
				DEBUG_INFORMATION_FORMAT = "dwarf-with-dsym";
				ENABLE_NS_ASSERTIONS = NO;
				ENABLE_STRICT_OBJC_MSGSEND = YES;
				ENABLE_USER_SCRIPT_SANDBOXING = YES;
				GCC_C_LANGUAGE_STANDARD = gnu17;
				GCC_NO_COMMON_BLOCKS = YES;
				GCC_WARN_64_TO_32_BIT_CONVERSION = YES;
				GCC_WARN_ABOUT_RETURN_TYPE = YES_ERROR;
				GCC_WARN_UNDECLARED_SELECTOR = YES;
				GCC_WARN_UNINITIALIZED_AUTOS = YES_AGGRESSIVE;
				GCC_WARN_UNUSED_FUNCTION = YES;
				GCC_WARN_UNUSED_VARIABLE = YES;
				IPHONEOS_DEPLOYMENT_TARGET = 17.5;
				LOCALIZATION_PREFERS_STRING_CATALOGS = YES;
				MTL_ENABLE_DEBUG_INFO = NO;
				MTL_FAST_MATH = YES;
				SDKROOT = iphoneos;
				SWIFT_COMPILATION_MODE = wholemodule;
				VALIDATE_PRODUCT = YES;
			};
			name = Release;
		};
		47D6F6EA2C0A4EBA0055E07A /* Debug */ = {
			isa = XCBuildConfiguration;
			buildSettings = {
				ASSETCATALOG_COMPILER_APPICON_NAME = AppIcon;
				ASSETCATALOG_COMPILER_GLOBAL_ACCENT_COLOR_NAME = AccentColor;
				CODE_SIGN_STYLE = Automatic;
				CURRENT_PROJECT_VERSION = 1;
				GENERATE_INFOPLIST_FILE = YES;
				INFOPLIST_FILE = "Compass Test/Info.plist";
				INFOPLIST_KEY_UIApplicationSupportsIndirectInputEvents = YES;
				INFOPLIST_KEY_UILaunchStoryboardName = LaunchScreen;
				INFOPLIST_KEY_UIMainStoryboardFile = Main;
				INFOPLIST_KEY_UISupportedInterfaceOrientations_iPad = "UIInterfaceOrientationPortrait UIInterfaceOrientationPortraitUpsideDown UIInterfaceOrientationLandscapeLeft UIInterfaceOrientationLandscapeRight";
				INFOPLIST_KEY_UISupportedInterfaceOrientations_iPhone = "UIInterfaceOrientationPortrait UIInterfaceOrientationLandscapeLeft UIInterfaceOrientationLandscapeRight";
				LD_RUNPATH_SEARCH_PATHS = (
					"$(inherited)",
					"@executable_path/Frameworks",
				);
				MARKETING_VERSION = 1.0;
				PRODUCT_BUNDLE_IDENTIFIER = "martindesimone.Compass-Test";
				PRODUCT_NAME = "$(TARGET_NAME)";
				SWIFT_EMIT_LOC_STRINGS = YES;
				SWIFT_VERSION = 5.0;
				TARGETED_DEVICE_FAMILY = "1,2";
			};
			name = Debug;
		};
		47D6F6EB2C0A4EBA0055E07A /* Release */ = {
			isa = XCBuildConfiguration;
			buildSettings = {
				ASSETCATALOG_COMPILER_APPICON_NAME = AppIcon;
				ASSETCATALOG_COMPILER_GLOBAL_ACCENT_COLOR_NAME = AccentColor;
				CODE_SIGN_STYLE = Automatic;
				CURRENT_PROJECT_VERSION = 1;
				GENERATE_INFOPLIST_FILE = YES;
				INFOPLIST_FILE = "Compass Test/Info.plist";
				INFOPLIST_KEY_UIApplicationSupportsIndirectInputEvents = YES;
				INFOPLIST_KEY_UILaunchStoryboardName = LaunchScreen;
				INFOPLIST_KEY_UIMainStoryboardFile = Main;
				INFOPLIST_KEY_UISupportedInterfaceOrientations_iPad = "UIInterfaceOrientationPortrait UIInterfaceOrientationPortraitUpsideDown UIInterfaceOrientationLandscapeLeft UIInterfaceOrientationLandscapeRight";
				INFOPLIST_KEY_UISupportedInterfaceOrientations_iPhone = "UIInterfaceOrientationPortrait UIInterfaceOrientationLandscapeLeft UIInterfaceOrientationLandscapeRight";
				LD_RUNPATH_SEARCH_PATHS = (
					"$(inherited)",
					"@executable_path/Frameworks",
				);
				MARKETING_VERSION = 1.0;
				PRODUCT_BUNDLE_IDENTIFIER = "martindesimone.Compass-Test";
				PRODUCT_NAME = "$(TARGET_NAME)";
				SWIFT_EMIT_LOC_STRINGS = YES;
				SWIFT_VERSION = 5.0;
				TARGETED_DEVICE_FAMILY = "1,2";
			};
			name = Release;
		};
		47D6F70A2C0A5CA80055E07A /* Debug */ = {
			isa = XCBuildConfiguration;
			buildSettings = {
				BUNDLE_LOADER = "$(TEST_HOST)";
				CODE_SIGN_STYLE = Automatic;
				CURRENT_PROJECT_VERSION = 1;
				GENERATE_INFOPLIST_FILE = YES;
				MARKETING_VERSION = 1.0;
				PRODUCT_BUNDLE_IDENTIFIER = "martindesimone.Compass-TestTests";
				PRODUCT_NAME = "$(TARGET_NAME)";
				SWIFT_EMIT_LOC_STRINGS = NO;
				SWIFT_VERSION = 5.0;
				TARGETED_DEVICE_FAMILY = "1,2";
				TEST_HOST = "$(BUILT_PRODUCTS_DIR)/Compass Test.app/$(BUNDLE_EXECUTABLE_FOLDER_PATH)/Compass Test";
			};
			name = Debug;
		};
		47D6F70B2C0A5CA80055E07A /* Release */ = {
			isa = XCBuildConfiguration;
			buildSettings = {
				BUNDLE_LOADER = "$(TEST_HOST)";
				CODE_SIGN_STYLE = Automatic;
				CURRENT_PROJECT_VERSION = 1;
				GENERATE_INFOPLIST_FILE = YES;
				MARKETING_VERSION = 1.0;
				PRODUCT_BUNDLE_IDENTIFIER = "martindesimone.Compass-TestTests";
				PRODUCT_NAME = "$(TARGET_NAME)";
				SWIFT_EMIT_LOC_STRINGS = NO;
				SWIFT_VERSION = 5.0;
				TARGETED_DEVICE_FAMILY = "1,2";
				TEST_HOST = "$(BUILT_PRODUCTS_DIR)/Compass Test.app/$(BUNDLE_EXECUTABLE_FOLDER_PATH)/Compass Test";
			};
			name = Release;
		};
/* End XCBuildConfiguration section */

/* Begin XCConfigurationList section */
		47D6F6D02C0A4EB80055E07A /* Build configuration list for PBXProject "Compass Test" */ = {
			isa = XCConfigurationList;
			buildConfigurations = (
				47D6F6E72C0A4EBA0055E07A /* Debug */,
				47D6F6E82C0A4EBA0055E07A /* Release */,
			);
			defaultConfigurationIsVisible = 0;
			defaultConfigurationName = Release;
		};
		47D6F6E92C0A4EBA0055E07A /* Build configuration list for PBXNativeTarget "Compass Test" */ = {
			isa = XCConfigurationList;
			buildConfigurations = (
				47D6F6EA2C0A4EBA0055E07A /* Debug */,
				47D6F6EB2C0A4EBA0055E07A /* Release */,
			);
			defaultConfigurationIsVisible = 0;
			defaultConfigurationName = Release;
		};
		47D6F7092C0A5CA80055E07A /* Build configuration list for PBXNativeTarget "Compass TestTests" */ = {
			isa = XCConfigurationList;
			buildConfigurations = (
				47D6F70A2C0A5CA80055E07A /* Debug */,
				47D6F70B2C0A5CA80055E07A /* Release */,
			);
			defaultConfigurationIsVisible = 0;
			defaultConfigurationName = Release;
		};
/* End XCConfigurationList section */
	};
	rootObject = 47D6F6CD2C0A4EB80055E07A /* Project object */;
}
